
Microsoft Visual Studio Solution File, Format Version 12.00
# Visual Studio Version 17
VisualStudioVersion = 17.2.32630.192
MinimumVisualStudioVersion = 10.0.40219.1
Project("{FAE04EC0-301F-11D3-BF4B-00C04F79EFBC}") = "Backend", "Backend\Backend.csproj", "{D69C2579-C3E8-4FFE-8534-80214B6A1FE2}"
EndProject
Global
	GlobalSection(SolutionConfigurationPlatforms) = preSolution
		Debug|Any CPU = Debug|Any CPU
		Release|Any CPU = Release|Any CPU
	EndGlobalSection
	GlobalSection(ProjectConfigurationPlatforms) = postSolution
		{D69C2579-C3E8-4FFE-8534-80214B6A1FE2}.Debug|Any CPU.ActiveCfg = Debug|Any CPU
		{D69C2579-C3E8-4FFE-8534-80214B6A1FE2}.Debug|Any CPU.Build.0 = Debug|Any CPU
		{D69C2579-C3E8-4FFE-8534-80214B6A1FE2}.Release|Any CPU.ActiveCfg = Release|Any CPU
		{D69C2579-C3E8-4FFE-8534-80214B6A1FE2}.Release|Any CPU.Build.0 = Release|Any CPU
	EndGlobalSection
	GlobalSection(SolutionProperties) = preSolution
		HideSolutionNode = FALSE
	EndGlobalSection
	GlobalSection(ExtensibilityGlobals) = postSolution
		SolutionGuid = {0C678C0D-2954-496E-92BA-231D72AACE2E}
	EndGlobalSection
EndGlobal
